<?xml version="1.0" encoding="utf-8"?>
<Project ToolsVersion="4.0" xmlns="http://schemas.microsoft.com/developer/msbuild/2003">
  <ItemGroup>
    <Filter Include="Source Files">
      <UniqueIdentifier>{9456e95e-50e1-44ab-98e5-fb022208850e}</UniqueIdentifier>
      <Extensions>cpp;c;cxx;rc;def;r;odl;idl;hpj;bat</Extensions>
    </Filter>
    <Filter Include="Header Files">
      <UniqueIdentifier>{d6870a46-88fc-47cd-9ce9-c728e2d9789d}</UniqueIdentifier>
      <Extensions>h;hpp;hxx;hm;inl</Extensions>
    </Filter>
    <Filter Include="Resource Files">
      <UniqueIdentifier>{5a6a2ea1-97f2-414b-bd21-2b78a4dcaa8f}</UniqueIdentifier>
      <Extensions>ico;cur;bmp;dlg;rc2;rct;bin;rgs;gif;jpg;jpeg;jpe</Extensions>
    </Filter>
  </ItemGroup>
  <ItemGroup>
    <ClCompile Include="c_fix.c">
      <Filter>Source Files</Filter>
    </ClCompile>
    <ClCompile Include="mainVxp.cpp">
      <Filter>Source Files</Filter>
    </ClCompile>
    <ClCompile Include="..\RTXBlocks\Keyboard.cpp">
      <Filter>Source Files</Filter>
    </ClCompile>
    <ClCompile Include="Sock.cpp">
      <Filter>Source Files</Filter>
    </ClCompile>
    <ClCompile Include="..\RTXBlocks\Protocol.cpp">
      <Filter>Source Files</Filter>
    </ClCompile>
    <ClCompile Include="..\RTXBlocks\PacketMaker.cpp">
      <Filter>Source Files</Filter>
    </ClCompile>
    <ClCompile Include="..\RTXBlocks\PacketOpener.cpp">
      <Filter>Source Files</Filter>
    </ClCompile>
    <ClCompile Include="..\RTXBlocks\World.cpp">
      <Filter>Source Files</Filter>
    </ClCompile>
    <ClCompile Include="..\RTXBlocks\miniz.c">
      <Filter>Source Files</Filter>
    </ClCompile>
    <ClCompile Include="..\RTXBlocks\UUID.cpp">
      <Filter>Source Files</Filter>
    </ClCompile>
    <ClCompile Include="..\RTXBlocks\PlayerInfo.cpp">
      <Filter>Source Files</Filter>
    </ClCompile>
    <ClCompile Include="..\RTXBlocks\Player.cpp">
      <Filter>Source Files</Filter>
    </ClCompile>
    <ClCompile Include="..\RTXBlocks\Time.cpp">
      <Filter>Source Files</Filter>
    </ClCompile>
    <ClCompile Include="..\RTXBlocks\Chat.cpp">
      <Filter>Source Files</Filter>
    </ClCompile>
    <ClCompile Include="..\RTXBlocks\BlockPalette.cpp">
      <Filter>Source Files</Filter>
    </ClCompile>
    <ClCompile Include="Log.cpp">
      <Filter>Source Files</Filter>
    </ClCompile>
    <ClCompile Include="..\RTXBlocks\Render.cpp">
      <Filter>Source Files</Filter>
    </ClCompile>
    <ClCompile Include="..\RTXBlocks\Entity.cpp">
      <Filter>Source Files</Filter>
    </ClCompile>
    <ClCompile Include="..\RTXBlocks\Main.cpp">
      <Filter>Source Files</Filter>
    </ClCompile>
    <ClCompile Include="..\RTXBlocks\T2Input.cpp">
      <Filter>Source Files</Filter>
    </ClCompile>
    <ClCompile Include="..\RTXBlocks\UIBase.cpp">
      <Filter>Source Files</Filter>
    </ClCompile>
    <ClCompile Include="..\RTXBlocks\UIButton.cpp">
      <Filter>Source Files</Filter>
    </ClCompile>
    <ClCompile Include="..\RTXBlocks\UIConfigMenu.cpp">
      <Filter>Source Files</Filter>
    </ClCompile>
    <ClCompile Include="..\RTXBlocks\UIEngine.cpp">
      <Filter>Source Files</Filter>
    </ClCompile>
    <ClCompile Include="..\RTXBlocks\UITextBox.cpp">
      <Filter>Source Files</Filter>
    </ClCompile>
    <ClCompile Include="..\RTXBlocks\UIComboBox.cpp">
      <Filter>Source Files</Filter>
    </ClCompile>
    <ClCompile Include="cpp_fix.cpp">
      <Filter>Source Files</Filter>
    </ClCompile>
  </ItemGroup>
  <ItemGroup>
    <None Include="RTXBlocksVxp.def">
      <Filter>Source Files</Filter>
    </None>
    <None Include="makefile" />
  </ItemGroup>
  <ItemGroup>
    <ClInclude Include="..\RTXBlocks\Keyboard.h">
      <Filter>Header Files</Filter>
    </ClInclude>
    <ClInclude Include="Log.h">
      <Filter>Header Files</Filter>
    </ClInclude>
  </ItemGroup>
  <ItemGroup>
    <Xml Include="res\RTXBlocksVxp.res.xml">
      <Filter>Resource Files</Filter>
    </Xml>
  </ItemGroup>
  <ItemGroup>
    <Text Include="ReadMe.txt" />
  </ItemGroup>
</Project>